Microsoft Visual Studio Solution File, Format Version 12.00
# Visual Studio Version 17
VisualStudioVersion = 17.5.2.0
MinimumVisualStudioVersion = 10.0.40219.1
Project("{FAE04EC0-301F-11D3-BF4B-00C04F79EFBC}") = "AlzheimerAssist", "AlzheimerAssist\AlzheimerAssist.csproj", "{6843386D-961A-0270-BE83-B2F6A64397DF}"
EndProject
Global
	GlobalSection(SolutionConfigurationPlatforms) = preSolution
		Debug|Any CPU = Debug|Any CPU
		Release|Any CPU = Release|Any CPU
	EndGlobalSection
	GlobalSection(ProjectConfigurationPlatforms) = postSolution
		{6843386D-961A-0270-BE83-B2F6A64397DF}.Debug|Any CPU.ActiveCfg = Debug|Any CPU
		{6843386D-961A-0270-BE83-B2F6A64397DF}.Debug|Any CPU.Build.0 = Debug|Any CPU
		{6843386D-961A-0270-BE83-B2F6A64397DF}.Release|Any CPU.ActiveCfg = Release|Any CPU
		{6843386D-961A-0270-BE83-B2F6A64397DF}.Release|Any CPU.Build.0 = Release|Any CPU
	EndGlobalSection
	GlobalSection(SolutionProperties) = preSolution
		HideSolutionNode = FALSE
	EndGlobalSection
	GlobalSection(ExtensibilityGlobals) = postSolution
		SolutionGuid = {05C4072C-BF45-4EB8-BCE4-6AE0C7404FB9}
	EndGlobalSection
EndGlobal
